// !$*UTF8*$!
{
	archiveVersion = 1;
	classes = {
	};
	objectVersion = 50;
	objects = {

/* Begin PBXBuildFile section */
		A048439422CCB462003E13BB /* AppDelegate.swift in Sources */ = {isa = PBXBuildFile; fileRef = A048439322CCB462003E13BB /* AppDelegate.swift */; };
		A048439622CCB462003E13BB /* ViewController.swift in Sources */ = {isa = PBXBuildFile; fileRef = A048439522CCB462003E13BB /* ViewController.swift */; };
		A048439922CCB462003E13BB /* Main.storyboard in Resources */ = {isa = PBXBuildFile; fileRef = A048439722CCB462003E13BB /* Main.storyboard */; };
		A048439B22CCB463003E13BB /* Assets.xcassets in Resources */ = {isa = PBXBuildFile; fileRef = A048439A22CCB463003E13BB /* Assets.xcassets */; };
		A048439E22CCB463003E13BB /* LaunchScreen.storyboard in Resources */ = {isa = PBXBuildFile; fileRef = A048439C22CCB463003E13BB /* LaunchScreen.storyboard */; };
		A04843A922CCB464003E13BB /* FoodtrackerTests.swift in Sources */ = {isa = PBXBuildFile; fileRef = A04843A822CCB464003E13BB /* FoodtrackerTests.swift */; };
/* End PBXBuildFile section */

/* Begin PBXContainerItemProxy section */
		A04843A522CCB464003E13BB /* PBXContainerItemProxy */ = {
			isa = PBXContainerItemProxy;
			containerPortal = A048438822CCB462003E13BB /* Project object */;
			proxyType = 1;
			remoteGlobalIDString = A048438F22CCB462003E13BB;
			remoteInfo = Foodtracker;
		};
/* End PBXContainerItemProxy section */

/* Begin PBXFileReference section */
		A048439022CCB462003E13BB /* Foodtracker.app */ = {isa = PBXFileReference; explicitFileType = wrapper.application; includeInIndex = 0; path = Foodtracker.app; sourceTree = BUILT_PRODUCTS_DIR; };
		A048439322CCB462003E13BB /* AppDelegate.swift */ = {isa = PBXFileReference; lastKnownFileType = sourcecode.swift; path = AppDelegate.swift; sourceTree = "<group>"; };
		A048439522CCB462003E13BB /* ViewController.swift */ = {isa = PBXFileReference; lastKnownFileType = sourcecode.swift; path = ViewController.swift; sourceTree = "<group>"; };
		A048439822CCB462003E13BB /* Base */ = {isa = PBXFileReference; lastKnownFileType = file.storyboard; name = Base; path = Base.lproj/Main.storyboard; sourceTree = "<group>"; };
		A048439A22CCB463003E13BB /* Assets.xcassets */ = {isa = PBXFileReference; lastKnownFileType = folder.assetcatalog; path = Assets.xcassets; sourceTree = "<group>"; };
		A048439D22CCB463003E13BB /* Base */ = {isa = PBXFileReference; lastKnownFileType = file.storyboard; name = Base; path = Base.lproj/LaunchScreen.storyboard; sourceTree = "<group>"; };
		A048439F22CCB463003E13BB /* Info.plist */ = {isa = PBXFileReference; lastKnownFileType = text.plist.xml; path = Info.plist; sourceTree = "<group>"; };
		A04843A422CCB464003E13BB /* FoodtrackerTests.xctest */ = {isa = PBXFileReference; explicitFileType = wrapper.cfbundle; includeInIndex = 0; path = FoodtrackerTests.xctest; sourceTree = BUILT_PRODUCTS_DIR; };
		A04843A822CCB464003E13BB /* FoodtrackerTests.swift */ = {isa = PBXFileReference; lastKnownFileType = sourcecode.swift; path = FoodtrackerTests.swift; sourceTree = "<group>"; };
		A04843AA22CCB464003E13BB /* Info.plist */ = {isa = PBXFileReference; lastKnownFileType = text.plist.xml; path = Info.plist; sourceTree = "<group>"; };
/* End PBXFileReference section */

/* Begin PBXFrameworksBuildPhase section */
		A048438D22CCB462003E13BB /* Frameworks */ = {
			isa = PBXFrameworksBuildPhase;
			buildActionMask = 2147483647;
			files = (
			);
			runOnlyForDeploymentPostprocessing = 0;
		};
		A04843A122CCB464003E13BB /* Frameworks */ = {
			isa = PBXFrameworksBuildPhase;
			buildActionMask = 2147483647;
			files = (
			);
			runOnlyForDeploymentPostprocessing = 0;
		};
/* End PBXFrameworksBuildPhase section */

/* Begin PBXGroup section */
		A048438722CCB462003E13BB = {
			isa = PBXGroup;
			children = (
				A048439222CCB462003E13BB /* Foodtracker */,
				A04843A722CCB464003E13BB /* FoodtrackerTests */,
				A048439122CCB462003E13BB /* Products */,
			);
			sourceTree = "<group>";
		};
		A048439122CCB462003E13BB /* Products */ = {
			isa = PBXGroup;
			children = (
				A048439022CCB462003E13BB /* Foodtracker.app */,
				A04843A422CCB464003E13BB /* FoodtrackerTests.xctest */,
			);
			name = Products;
			sourceTree = "<group>";
		};
		A048439222CCB462003E13BB /* Foodtracker */ = {
			isa = PBXGroup;
			children = (
				A048439322CCB462003E13BB /* AppDelegate.swift */,
				A048439522CCB462003E13BB /* ViewController.swift */,
				A048439722CCB462003E13BB /* Main.storyboard */,
				A048439A22CCB463003E13BB /* Assets.xcassets */,
				A048439C22CCB463003E13BB /* LaunchScreen.storyboard */,
				A048439F22CCB463003E13BB /* Info.plist */,
			);
			path = Foodtracker;
			sourceTree = "<group>";
		};
		A04843A722CCB464003E13BB /* FoodtrackerTests */ = {
			isa = PBXGroup;
			children = (
				A04843A822CCB464003E13BB /* FoodtrackerTests.swift */,
				A04843AA22CCB464003E13BB /* Info.plist */,
			);
			path = FoodtrackerTests;
			sourceTree = "<group>";
		};
/* End PBXGroup section */

/* Begin PBXNativeTarget section */
		A048438F22CCB462003E13BB /* Foodtracker */ = {
			isa = PBXNativeTarget;
			buildConfigurationList = A04843AD22CCB464003E13BB /* Build configuration list for PBXNativeTarget "Foodtracker" */;
			buildPhases = (
				A048438C22CCB462003E13BB /* Sources */,
				A048438D22CCB462003E13BB /* Frameworks */,
				A048438E22CCB462003E13BB /* Resources */,
			);
			buildRules = (
			);
			dependencies = (
			);
			name = Foodtracker;
			productName = Foodtracker;
			productReference = A048439022CCB462003E13BB /* Foodtracker.app */;
			productType = "com.apple.product-type.application";
		};
		A04843A322CCB464003E13BB /* FoodtrackerTests */ = {
			isa = PBXNativeTarget;
			buildConfigurationList = A04843B022CCB464003E13BB /* Build configuration list for PBXNativeTarget "FoodtrackerTests" */;
			buildPhases = (
				A04843A022CCB464003E13BB /* Sources */,
				A04843A122CCB464003E13BB /* Frameworks */,
				A04843A222CCB464003E13BB /* Resources */,
			);
			buildRules = (
			);
			dependencies = (
				A04843A622CCB464003E13BB /* PBXTargetDependency */,
			);
			name = FoodtrackerTests;
			productName = FoodtrackerTests;
			productReference = A04843A422CCB464003E13BB /* FoodtrackerTests.xctest */;
			productType = "com.apple.product-type.bundle.unit-test";
		};
/* End PBXNativeTarget section */

/* Begin PBXProject section */
		A048438822CCB462003E13BB /* Project object */ = {
			isa = PBXProject;
			attributes = {
				LastSwiftUpdateCheck = 1020;
				LastUpgradeCheck = 1020;
				ORGANIZATIONNAME = "Apple Inc.";
				TargetAttributes = {
					A048438F22CCB462003E13BB = {
						CreatedOnToolsVersion = 10.2.1;
					};
					A04843A322CCB464003E13BB = {
						CreatedOnToolsVersion = 10.2.1;
						TestTargetID = A048438F22CCB462003E13BB;
					};
				};
			};
			buildConfigurationList = A048438B22CCB462003E13BB /* Build configuration list for PBXProject "Foodtracker" */;
			compatibilityVersion = "Xcode 9.3";
			developmentRegion = en;
			hasScannedForEncodings = 0;
			knownRegions = (
				en,
				Base,
			);
			mainGroup = A048438722CCB462003E13BB;
			productRefGroup = A048439122CCB462003E13BB /* Products */;
			projectDirPath = "";
			projectRoot = "";
			targets = (
				A048438F22CCB462003E13BB /* Foodtracker */,
				A04843A322CCB464003E13BB /* FoodtrackerTests */,
			);
		};
/* End PBXProject section */

/* Begin PBXResourcesBuildPhase section */
		A048438E22CCB462003E13BB /* Resources */ = {
			isa = PBXResourcesBuildPhase;
			buildActionMask = 2147483647;
			files = (
				A048439E22CCB463003E13BB /* LaunchScreen.storyboard in Resources */,
				A048439B22CCB463003E13BB /* Assets.xcassets in Resources */,
				A048439922CCB462003E13BB /* Main.storyboard in Resources */,
			);
			runOnlyForDeploymentPostprocessing = 0;
		};
		A04843A222CCB464003E13BB /* Resources */ = {
			isa = PBXResourcesBuildPhase;
			buildActionMask = 2147483647;
			files = (
			);
			runOnlyForDeploymentPostprocessing = 0;
		};
/* End PBXResourcesBuildPhase section */

/* Begin PBXSourcesBuildPhase section */
		A048438C22CCB462003E13BB /* Sources */ = {
			isa = PBXSourcesBuildPhase;
			buildActionMask = 2147483647;
			files = (
				A048439622CCB462003E13BB /* ViewController.swift in Sources */,
				A048439422CCB462003E13BB /* AppDelegate.swift in Sources */,
			);
			runOnlyForDeploymentPostprocessing = 0;
		};
		A04843A022CCB464003E13BB /* Sources */ = {
			isa = PBXSourcesBuildPhase;
			buildActionMask = 2147483647;
			files = (
				A04843A922CCB464003E13BB /* FoodtrackerTests.swift in Sources */,
			);
			runOnlyForDeploymentPostprocessing = 0;
		};
/* End PBXSourcesBuildPhase section */

/* Begin PBXTargetDependency section */
		A04843A622CCB464003E13BB /* PBXTargetDependency */ = {
			isa = PBXTargetDependency;
			target = A048438F22CCB462003E13BB /* Foodtracker */;
			targetProxy = A04843A522CCB464003E13BB /* PBXContainerItemProxy */;
		};
/* End PBXTargetDependency section */

/* Begin PBXVariantGroup section */
		A048439722CCB462003E13BB /* Main.storyboard */ = {
			isa = PBXVariantGroup;
			children = (
				A048439822CCB462003E13BB /* Base */,
			);
			name = Main.storyboard;
			sourceTree = "<group>";
		};
		A048439C22CCB463003E13BB /* LaunchScreen.storyboard */ = {
			isa = PBXVariantGroup;
			children = (
				A048439D22CCB463003E13BB /* Base */,
			);
			name = LaunchScreen.storyboard;
			sourceTree = "<group>";
		};
/* End PBXVariantGroup section */

/* Begin XCBuildConfiguration section */
		A04843AB22CCB464003E13BB /* Debug */ = {
			isa = XCBuildConfiguration;
			buildSettings = {
				ALWAYS_SEARCH_USER_PATHS = NO;
				CLANG_ANALYZER_NONNULL = YES;
				CLANG_ANALYZER_NUMBER_OBJECT_CONVERSION = YES_AGGRESSIVE;
				CLANG_CXX_LANGUAGE_STANDARD = "gnu++14";
				CLANG_CXX_LIBRARY = "libc++";
				CLANG_ENABLE_MODULES = YES;
				CLANG_ENABLE_OBJC_ARC = YES;
				CLANG_ENABLE_OBJC_WEAK = YES;
				CLANG_WARN_BLOCK_CAPTURE_AUTORELEASING = YES;
				CLANG_WARN_BOOL_CONVERSION = YES;
				CLANG_WARN_COMMA = YES;
				CLANG_WARN_CONSTANT_CONVERSION = YES;
				CLANG_WARN_DEPRECATED_OBJC_IMPLEMENTATIONS = YES;
				CLANG_WARN_DIRECT_OBJC_ISA_USAGE = YES_ERROR;
				CLANG_WARN_DOCUMENTATION_COMMENTS = YES;
				CLANG_WARN_EMPTY_BODY = YES;
				CLANG_WARN_ENUM_CONVERSION = YES;
				CLANG_WARN_INFINITE_RECURSION = YES;
				CLANG_WARN_INT_CONVERSION = YES;
				CLANG_WARN_NON_LITERAL_NULL_CONVERSION = YES;
				CLANG_WARN_OBJC_IMPLICIT_RETAIN_SELF = YES;
				CLANG_WARN_OBJC_LITERAL_CONVERSION = YES;
				CLANG_WARN_OBJC_ROOT_CLASS = YES_ERROR;
				CLANG_WARN_RANGE_LOOP_ANALYSIS = YES;
				CLANG_WARN_STRICT_PROTOTYPES = YES;
				CLANG_WARN_SUSPICIOUS_MOVE = YES;
				CLANG_WARN_UNGUARDED_AVAILABILITY = YES_AGGRESSIVE;
				CLANG_WARN_UNREACHABLE_CODE = YES;
				CLANG_WARN__DUPLICATE_METHOD_MATCH = YES;
				CODE_SIGN_IDENTITY = "iPhone Developer";
				COPY_PHASE_STRIP = NO;
				DEBUG_INFORMATION_FORMAT = dwarf;
				ENABLE_STRICT_OBJC_MSGSEND = YES;
				ENABLE_TESTABILITY = YES;
				GCC_C_LANGUAGE_STANDARD = gnu11;
				GCC_DYNAMIC_NO_PIC = NO;
				GCC_NO_COMMON_BLOCKS = YES;
				GCC_OPTIMIZATION_LEVEL = 0;
				GCC_PREPROCESSOR_DEFINITIONS = (
					"DEBUG=1",
					"$(inherited)",
				);
				GCC_WARN_64_TO_32_BIT_CONVERSION = YES;
				GCC_WARN_ABOUT_RETURN_TYPE = YES_ERROR;
				GCC_WARN_UNDECLARED_SELECTOR = YES;
				GCC_WARN_UNINITIALIZED_AUTOS = YES_AGGRESSIVE;
				GCC_WARN_UNUSED_FUNCTION = YES;
				GCC_WARN_UNUSED_VARIABLE = YES;
				IPHONEOS_DEPLOYMENT_TARGET = 12.2;
				MTL_ENABLE_DEBUG_INFO = INCLUDE_SOURCE;
				MTL_FAST_MATH = YES;
				ONLY_ACTIVE_ARCH = YES;
				SDKROOT = iphoneos;
				SWIFT_ACTIVE_COMPILATION_CONDITIONS = DEBUG;
				SWIFT_OPTIMIZATION_LEVEL = "-Onone";
			};
			name = Debug;
		};
		A04843AC22CCB464003E13BB /* Release */ = {
			isa = XCBuildConfiguration;
			buildSettings = {
				ALWAYS_SEARCH_USER_PATHS = NO;
				CLANG_ANALYZER_NONNULL = YES;
				CLANG_ANALYZER_NUMBER_OBJECT_CONVERSION = YES_AGGRESSIVE;
				CLANG_CXX_LANGUAGE_STANDARD = "gnu++14";
				CLANG_CXX_LIBRARY = "libc++";
				CLANG_ENABLE_MODULES = YES;
				CLANG_ENABLE_OBJC_ARC = YES;
				CLANG_ENABLE_OBJC_WEAK = YES;
				CLANG_WARN_BLOCK_CAPTURE_AUTORELEASING = YES;
				CLANG_WARN_BOOL_CONVERSION = YES;
				CLANG_WARN_COMMA = YES;
				CLANG_WARN_CONSTANT_CONVERSION = YES;
				CLANG_WARN_DEPRECATED_OBJC_IMPLEMENTATIONS = YES;
				CLANG_WARN_DIRECT_OBJC_ISA_USAGE = YES_ERROR;
				CLANG_WARN_DOCUMENTATION_COMMENTS = YES;
				CLANG_WARN_EMPTY_BODY = YES;
				CLANG_WARN_ENUM_CONVERSION = YES;
				CLANG_WARN_INFINITE_RECURSION = YES;
				CLANG_WARN_INT_CONVERSION = YES;
				CLANG_WARN_NON_LITERAL_NULL_CONVERSION = YES;
				CLANG_WARN_OBJC_IMPLICIT_RETAIN_SELF = YES;
				CLANG_WARN_OBJC_LITERAL_CONVERSION = YES;
				CLANG_WARN_OBJC_ROOT_CLASS = YES_ERROR;
				CLANG_WARN_RANGE_LOOP_ANALYSIS = YES;
				CLANG_WARN_STRICT_PROTOTYPES = YES;
				CLANG_WARN_SUSPICIOUS_MOVE = YES;
				CLANG_WARN_UNGUARDED_AVAILABILITY = YES_AGGRESSIVE;
				CLANG_WARN_UNREACHABLE_CODE = YES;
				CLANG_WARN__DUPLICATE_METHOD_MATCH = YES;
				CODE_SIGN_IDENTITY = "iPhone Developer";
				COPY_PHASE_STRIP = NO;
				DEBUG_INFORMATION_FORMAT = "dwarf-with-dsym";
				ENABLE_NS_ASSERTIONS = NO;
				ENABLE_STRICT_OBJC_MSGSEND = YES;
				GCC_C_LANGUAGE_STANDARD = gnu11;
				GCC_NO_COMMON_BLOCKS = YES;
				GCC_WARN_64_TO_32_BIT_CONVERSION = YES;
				GCC_WARN_ABOUT_RETURN_TYPE = YES_ERROR;
				GCC_WARN_UNDECLARED_SELECTOR = YES;
				GCC_WARN_UNINITIALIZED_AUTOS = YES_AGGRESSIVE;
				GCC_WARN_UNUSED_FUNCTION = YES;
				GCC_WARN_UNUSED_VARIABLE = YES;
				IPHONEOS_DEPLOYMENT_TARGET = 12.2;
				MTL_ENABLE_DEBUG_INFO = NO;
				MTL_FAST_MATH = YES;
				SDKROOT = iphoneos;
				SWIFT_COMPILATION_MODE = wholemodule;
				SWIFT_OPTIMIZATION_LEVEL = "-O";
				VALIDATE_PRODUCT = YES;
			};
			name = Release;
		};
		A04843AE22CCB464003E13BB /* Debug */ = {
			isa = XCBuildConfiguration;
			buildSettings = {
				ASSETCATALOG_COMPILER_APPICON_NAME = AppIcon;
				CODE_SIGN_STYLE = Automatic;
				INFOPLIST_FILE = Foodtracker/Info.plist;
				LD_RUNPATH_SEARCH_PATHS = (
					"$(inherited)",
					"@executable_path/Frameworks",
				);
				PRODUCT_BUNDLE_IDENTIFIER = com.example.Foodtracker;
				PRODUCT_NAME = "$(TARGET_NAME)";
				SWIFT_VERSION = 5.0;
				TARGETED_DEVICE_FAMILY = "1,2";
			};
			name = Debug;
		};
		A04843AF22CCB464003E13BB /* Release */ = {
			isa = XCBuildConfiguration;
			buildSettings = {
				ASSETCATALOG_COMPILER_APPICON_NAME = AppIcon;
				CODE_SIGN_STYLE = Automatic;
				INFOPLIST_FILE = Foodtracker/Info.plist;
				LD_RUNPATH_SEARCH_PATHS = (
					"$(inherited)",
					"@executable_path/Frameworks",
				);
				PRODUCT_BUNDLE_IDENTIFIER = com.example.Foodtracker;
				PRODUCT_NAME = "$(TARGET_NAME)";
				SWIFT_VERSION = 5.0;
				TARGETED_DEVICE_FAMILY = "1,2";
			};
			name = Release;
		};
		A04843B122CCB464003E13BB /* Debug */ = {
			isa = XCBuildConfiguration;
			buildSettings = {
				ALWAYS_EMBED_SWIFT_STANDARD_LIBRARIES = YES;
				BUNDLE_LOADER = "$(TEST_HOST)";
				CODE_SIGN_STYLE = Automatic;
				INFOPLIST_FILE = FoodtrackerTests/Info.plist;
				LD_RUNPATH_SEARCH_PATHS = (
					"$(inherited)",
					"@executable_path/Frameworks",
					"@loader_path/Frameworks",
				);
				PRODUCT_BUNDLE_IDENTIFIER = com.example.FoodtrackerTests;
				PRODUCT_NAME = "$(TARGET_NAME)";
				SWIFT_VERSION = 5.0;
				TARGETED_DEVICE_FAMILY = "1,2";
				TEST_HOST = "$(BUILT_PRODUCTS_DIR)/Foodtracker.app/Foodtracker";
			};
			name = Debug;
		};
		A04843B222CCB464003E13BB /* Release */ = {
			isa = XCBuildConfiguration;
			buildSettings = {
				ALWAYS_EMBED_SWIFT_STANDARD_LIBRARIES = YES;
				BUNDLE_LOADER = "$(TEST_HOST)";
				CODE_SIGN_STYLE = Automatic;
				INFOPLIST_FILE = FoodtrackerTests/Info.plist;
				LD_RUNPATH_SEARCH_PATHS = (
					"$(inherited)",
					"@executable_path/Frameworks",
					"@loader_path/Frameworks",
				);
				PRODUCT_BUNDLE_IDENTIFIER = com.example.FoodtrackerTests;
				PRODUCT_NAME = "$(TARGET_NAME)";
				SWIFT_VERSION = 5.0;
				TARGETED_DEVICE_FAMILY = "1,2";
				TEST_HOST = "$(BUILT_PRODUCTS_DIR)/Foodtracker.app/Foodtracker";
			};
			name = Release;
		};
/* End XCBuildConfiguration section */

/* Begin XCConfigurationList section */
		A048438B22CCB462003E13BB /* Build configuration list for PBXProject "Foodtracker" */ = {
			isa = XCConfigurationList;
			buildConfigurations = (
				A04843AB22CCB464003E13BB /* Debug */,
				A04843AC22CCB464003E13BB /* Release */,
			);
			defaultConfigurationIsVisible = 0;
			defaultConfigurationName = Release;
		};
		A04843AD22CCB464003E13BB /* Build configuration list for PBXNativeTarget "Foodtracker" */ = {
			isa = XCConfigurationList;
			buildConfigurations = (
				A04843AE22CCB464003E13BB /* Debug */,
				A04843AF22CCB464003E13BB /* Release */,
			);
			defaultConfigurationIsVisible = 0;
			defaultConfigurationName = Release;
		};
		A04843B022CCB464003E13BB /* Build configuration list for PBXNativeTarget "FoodtrackerTests" */ = {
			isa = XCConfigurationList;
			buildConfigurations = (
				A04843B122CCB464003E13BB /* Debug */,
				A04843B222CCB464003E13BB /* Release */,
			);
			defaultConfigurationIsVisible = 0;
			defaultConfigurationName = Release;
		};
/* End XCConfigurationList section */
	};
	rootObject = A048438822CCB462003E13BB /* Project object */;
}
